
Microsoft Visual Studio Solution File, Format Version 12.00
# Visual Studio Version 17
VisualStudioVersion = 17.7.34003.232
MinimumVisualStudioVersion = 10.0.40219.1
Project("{9A19103F-16F7-4668-BE54-9A1E7A4F7556}") = "NotificationManager", "NotificationManager.csproj", "{BD95DE23-0E9B-40C9-9356-F482CD4B50FD}"
EndProject
Global
	GlobalSection(SolutionConfigurationPlatforms) = preSolution
		Debug|Any CPU = Debug|Any CPU
		Release|Any CPU = Release|Any CPU
	EndGlobalSection
	GlobalSection(ProjectConfigurationPlatforms) = postSolution
		{BD95DE23-0E9B-40C9-9356-F482CD4B50FD}.Debug|Any CPU.ActiveCfg = Debug|Any CPU
		{BD95DE23-0E9B-40C9-9356-F482CD4B50FD}.Debug|Any CPU.Build.0 = Debug|Any CPU
		{BD95DE23-0E9B-40C9-9356-F482CD4B50FD}.Release|Any CPU.ActiveCfg = Release|Any CPU
		{BD95DE23-0E9B-40C9-9356-F482CD4B50FD}.Release|Any CPU.Build.0 = Release|Any CPU
	EndGlobalSection
	GlobalSection(SolutionProperties) = preSolution
		HideSolutionNode = FALSE
	EndGlobalSection
	GlobalSection(ExtensibilityGlobals) = postSolution
		SolutionGuid = {CF3917AF-48CA-46FB-BEBC-AA620C8831D7}
	EndGlobalSection
EndGlobal
